
Microsoft Visual Studio Solution File, Format Version 12.00
# Visual Studio 15
Project("{FAE04EC0-301F-11D3-BF4B-00C04F79EFBC}") = "Seasons", "Seasons\Seasons.csproj", "{9BB7F79D-AB3B-4E6F-AFA8-A866876BC078}"
EndProject
Global
	GlobalSection(SolutionConfigurationPlatforms) = preSolution
		Debug|iPhoneSimulator = Debug|iPhoneSimulator
		Release|iPhoneSimulator = Release|iPhoneSimulator
		Debug|iPhone = Debug|iPhone
		Release|iPhone = Release|iPhone
	EndGlobalSection
	GlobalSection(ProjectConfigurationPlatforms) = postSolution
		{9BB7F79D-AB3B-4E6F-AFA8-A866876BC078}.Debug|iPhoneSimulator.ActiveCfg = Debug|iPhoneSimulator
		{9BB7F79D-AB3B-4E6F-AFA8-A866876BC078}.Debug|iPhoneSimulator.Build.0 = Debug|iPhoneSimulator
		{9BB7F79D-AB3B-4E6F-AFA8-A866876BC078}.Release|iPhoneSimulator.ActiveCfg = Release|iPhoneSimulator
		{9BB7F79D-AB3B-4E6F-AFA8-A866876BC078}.Release|iPhoneSimulator.Build.0 = Release|iPhoneSimulator
		{9BB7F79D-AB3B-4E6F-AFA8-A866876BC078}.Debug|iPhone.ActiveCfg = Debug|iPhone
		{9BB7F79D-AB3B-4E6F-AFA8-A866876BC078}.Debug|iPhone.Build.0 = Debug|iPhone
		{9BB7F79D-AB3B-4E6F-AFA8-A866876BC078}.Release|iPhone.ActiveCfg = Release|iPhone
		{9BB7F79D-AB3B-4E6F-AFA8-A866876BC078}.Release|iPhone.Build.0 = Release|iPhone
	EndGlobalSection
EndGlobal
